// !$*UTF8*$!
{
	archiveVersion = 1;
	classes = {
	};
	objectVersion = 46;
	objects = {

/* Begin PBXBuildFile section */
		6DC2B8B31DEB40A300EF5C16 /* AppDelegate.swift in Sources */ = {isa = PBXBuildFile; fileRef = 6DC2B8B21DEB40A300EF5C16 /* AppDelegate.swift */; };
		6DC2B8B51DEB40A300EF5C16 /* ViewController.swift in Sources */ = {isa = PBXBuildFile; fileRef = 6DC2B8B41DEB40A300EF5C16 /* ViewController.swift */; };
		6DC2B8B81DEB40A300EF5C16 /* Main.storyboard in Resources */ = {isa = PBXBuildFile; fileRef = 6DC2B8B61DEB40A300EF5C16 /* Main.storyboard */; };
		6DC2B8BA1DEB40A300EF5C16 /* Assets.xcassets in Resources */ = {isa = PBXBuildFile; fileRef = 6DC2B8B91DEB40A300EF5C16 /* Assets.xcassets */; };
		6DC2B8BD1DEB40A300EF5C16 /* LaunchScreen.storyboard in Resources */ = {isa = PBXBuildFile; fileRef = 6DC2B8BB1DEB40A300EF5C16 /* LaunchScreen.storyboard */; };
		6DD780EE1DEC12210014B7FB /* entryItemtableViewCell.m in Sources */ = {isa = PBXBuildFile; fileRef = 6DD780ED1DEC12210014B7FB /* entryItemtableViewCell.m */; };
		6DD780F71DEC20B10014B7FB /* MainViewController.m in Sources */ = {isa = PBXBuildFile; fileRef = 6DD780F61DEC20B10014B7FB /* MainViewController.m */; };
		C7E1B5C41DEC473F003D18F5 /* mainMenuController.swift in Sources */ = {isa = PBXBuildFile; fileRef = C7E1B5C31DEC473F003D18F5 /* mainMenuController.swift */; };
		C7E1B5C61DEC4766003D18F5 /* settingViewController.swift in Sources */ = {isa = PBXBuildFile; fileRef = C7E1B5C51DEC4766003D18F5 /* settingViewController.swift */; };
		C7E1B5C81DEC47C5003D18F5 /* Pumpkin01_64.png in Resources */ = {isa = PBXBuildFile; fileRef = C7E1B5C71DEC47C5003D18F5 /* Pumpkin01_64.png */; };
/* End PBXBuildFile section */

/* Begin PBXFileReference section */
		6DC2B8AF1DEB40A300EF5C16 /* MyDiary.app */ = {isa = PBXFileReference; explicitFileType = wrapper.application; includeInIndex = 0; path = MyDiary.app; sourceTree = BUILT_PRODUCTS_DIR; };
		6DC2B8B21DEB40A300EF5C16 /* AppDelegate.swift */ = {isa = PBXFileReference; lastKnownFileType = sourcecode.swift; path = AppDelegate.swift; sourceTree = "<group>"; };
		6DC2B8B41DEB40A300EF5C16 /* ViewController.swift */ = {isa = PBXFileReference; lastKnownFileType = sourcecode.swift; path = ViewController.swift; sourceTree = "<group>"; };
		6DC2B8B71DEB40A300EF5C16 /* Base */ = {isa = PBXFileReference; lastKnownFileType = file.storyboard; name = Base; path = Base.lproj/Main.storyboard; sourceTree = "<group>"; };
		6DC2B8B91DEB40A300EF5C16 /* Assets.xcassets */ = {isa = PBXFileReference; lastKnownFileType = folder.assetcatalog; path = Assets.xcassets; sourceTree = "<group>"; };
		6DC2B8BC1DEB40A300EF5C16 /* Base */ = {isa = PBXFileReference; lastKnownFileType = file.storyboard; name = Base; path = Base.lproj/LaunchScreen.storyboard; sourceTree = "<group>"; };
		6DC2B8BE1DEB40A300EF5C16 /* Info.plist */ = {isa = PBXFileReference; lastKnownFileType = text.plist.xml; path = Info.plist; sourceTree = "<group>"; };
		6DD780EB1DEC12200014B7FB /* MyDiary-Bridging-Header.h */ = {isa = PBXFileReference; lastKnownFileType = sourcecode.c.h; path = "MyDiary-Bridging-Header.h"; sourceTree = "<group>"; };
		6DD780EC1DEC12210014B7FB /* entryItemtableViewCell.h */ = {isa = PBXFileReference; fileEncoding = 4; lastKnownFileType = sourcecode.c.h; path = entryItemtableViewCell.h; sourceTree = "<group>"; };
		6DD780ED1DEC12210014B7FB /* entryItemtableViewCell.m */ = {isa = PBXFileReference; fileEncoding = 4; lastKnownFileType = sourcecode.c.objc; path = entryItemtableViewCell.m; sourceTree = "<group>"; };
		6DD780F51DEC20B10014B7FB /* MainViewController.h */ = {isa = PBXFileReference; fileEncoding = 4; lastKnownFileType = sourcecode.c.h; path = MainViewController.h; sourceTree = "<group>"; };
		6DD780F61DEC20B10014B7FB /* MainViewController.m */ = {isa = PBXFileReference; fileEncoding = 4; lastKnownFileType = sourcecode.c.objc; path = MainViewController.m; sourceTree = "<group>"; };
		C7E1B5C31DEC473F003D18F5 /* mainMenuController.swift */ = {isa = PBXFileReference; fileEncoding = 4; lastKnownFileType = sourcecode.swift; name = mainMenuController.swift; path = ../mainMenuController.swift; sourceTree = "<group>"; };
		C7E1B5C51DEC4766003D18F5 /* settingViewController.swift */ = {isa = PBXFileReference; fileEncoding = 4; lastKnownFileType = sourcecode.swift; path = settingViewController.swift; sourceTree = "<group>"; };
		C7E1B5C71DEC47C5003D18F5 /* Pumpkin01_64.png */ = {isa = PBXFileReference; lastKnownFileType = image.png; path = Pumpkin01_64.png; sourceTree = "<group>"; };
/* End PBXFileReference section */

/* Begin PBXFrameworksBuildPhase section */
		6DC2B8AC1DEB40A300EF5C16 /* Frameworks */ = {
			isa = PBXFrameworksBuildPhase;
			buildActionMask = 2147483647;
			files = (
			);
			runOnlyForDeploymentPostprocessing = 0;
		};
/* End PBXFrameworksBuildPhase section */

/* Begin PBXGroup section */
		6DC2B8A61DEB40A300EF5C16 = {
			isa = PBXGroup;
			children = (
				6DC2B8B11DEB40A300EF5C16 /* MyDiary */,
				6DC2B8B01DEB40A300EF5C16 /* Products */,
			);
			sourceTree = "<group>";
		};
		6DC2B8B01DEB40A300EF5C16 /* Products */ = {
			isa = PBXGroup;
			children = (
				6DC2B8AF1DEB40A300EF5C16 /* MyDiary.app */,
			);
			name = Products;
			sourceTree = "<group>";
		};
		6DC2B8B11DEB40A300EF5C16 /* MyDiary */ = {
			isa = PBXGroup;
			children = (
				C7E1B5C71DEC47C5003D18F5 /* Pumpkin01_64.png */,
				6DC2B8B21DEB40A300EF5C16 /* AppDelegate.swift */,
				6DC2B8B41DEB40A300EF5C16 /* ViewController.swift */,
				6DC2B8B61DEB40A300EF5C16 /* Main.storyboard */,
				6DC2B8B91DEB40A300EF5C16 /* Assets.xcassets */,
				6DC2B8BB1DEB40A300EF5C16 /* LaunchScreen.storyboard */,
				6DC2B8BE1DEB40A300EF5C16 /* Info.plist */,
				6DD780EC1DEC12210014B7FB /* entryItemtableViewCell.h */,
				6DD780ED1DEC12210014B7FB /* entryItemtableViewCell.m */,
				6DD780EB1DEC12200014B7FB /* MyDiary-Bridging-Header.h */,
				6DD780F51DEC20B10014B7FB /* MainViewController.h */,
				6DD780F61DEC20B10014B7FB /* MainViewController.m */,
				C7E1B5C31DEC473F003D18F5 /* mainMenuController.swift */,
				C7E1B5C51DEC4766003D18F5 /* settingViewController.swift */,
			);
			path = MyDiary;
			sourceTree = "<group>";
		};
/* End PBXGroup section */

/* Begin PBXNativeTarget section */
		6DC2B8AE1DEB40A300EF5C16 /* MyDiary */ = {
			isa = PBXNativeTarget;
			buildConfigurationList = 6DC2B8C11DEB40A300EF5C16 /* Build configuration list for PBXNativeTarget "MyDiary" */;
			buildPhases = (
				6DC2B8AB1DEB40A300EF5C16 /* Sources */,
				6DC2B8AC1DEB40A300EF5C16 /* Frameworks */,
				6DC2B8AD1DEB40A300EF5C16 /* Resources */,
			);
			buildRules = (
			);
			dependencies = (
			);
			name = MyDiary;
			productName = MyDiary;
			productReference = 6DC2B8AF1DEB40A300EF5C16 /* MyDiary.app */;
			productType = "com.apple.product-type.application";
		};
/* End PBXNativeTarget section */

/* Begin PBXProject section */
		6DC2B8A71DEB40A300EF5C16 /* Project object */ = {
			isa = PBXProject;
			attributes = {
				LastSwiftUpdateCheck = 0720;
				LastUpgradeCheck = 0720;
				ORGANIZATIONNAME = Gillian_studio;
				TargetAttributes = {
					6DC2B8AE1DEB40A300EF5C16 = {
						CreatedOnToolsVersion = 7.2.1;
					};
				};
			};
			buildConfigurationList = 6DC2B8AA1DEB40A300EF5C16 /* Build configuration list for PBXProject "MyDiary" */;
			compatibilityVersion = "Xcode 3.2";
			developmentRegion = English;
			hasScannedForEncodings = 0;
			knownRegions = (
				en,
				Base,
			);
			mainGroup = 6DC2B8A61DEB40A300EF5C16;
			productRefGroup = 6DC2B8B01DEB40A300EF5C16 /* Products */;
			projectDirPath = "";
			projectRoot = "";
			targets = (
				6DC2B8AE1DEB40A300EF5C16 /* MyDiary */,
			);
		};
/* End PBXProject section */

/* Begin PBXResourcesBuildPhase section */
		6DC2B8AD1DEB40A300EF5C16 /* Resources */ = {
			isa = PBXResourcesBuildPhase;
			buildActionMask = 2147483647;
			files = (
				6DC2B8BD1DEB40A300EF5C16 /* LaunchScreen.storyboard in Resources */,
				C7E1B5C81DEC47C5003D18F5 /* Pumpkin01_64.png in Resources */,
				6DC2B8BA1DEB40A300EF5C16 /* Assets.xcassets in Resources */,
				6DC2B8B81DEB40A300EF5C16 /* Main.storyboard in Resources */,
			);
			runOnlyForDeploymentPostprocessing = 0;
		};
/* End PBXResourcesBuildPhase section */

/* Begin PBXSourcesBuildPhase section */
		6DC2B8AB1DEB40A300EF5C16 /* Sources */ = {
			isa = PBXSourcesBuildPhase;
			buildActionMask = 2147483647;
			files = (
				6DC2B8B51DEB40A300EF5C16 /* ViewController.swift in Sources */,
				6DC2B8B31DEB40A300EF5C16 /* AppDelegate.swift in Sources */,
				C7E1B5C41DEC473F003D18F5 /* mainMenuController.swift in Sources */,
				6DD780EE1DEC12210014B7FB /* entryItemtableViewCell.m in Sources */,
				6DD780F71DEC20B10014B7FB /* MainViewController.m in Sources */,
				C7E1B5C61DEC4766003D18F5 /* settingViewController.swift in Sources */,
			);
			runOnlyForDeploymentPostprocessing = 0;
		};
/* End PBXSourcesBuildPhase section */

/* Begin PBXVariantGroup section */
		6DC2B8B61DEB40A300EF5C16 /* Main.storyboard */ = {
			isa = PBXVariantGroup;
			children = (
				6DC2B8B71DEB40A300EF5C16 /* Base */,
			);
			name = Main.storyboard;
			sourceTree = "<group>";
		};
		6DC2B8BB1DEB40A300EF5C16 /* LaunchScreen.storyboard */ = {
			isa = PBXVariantGroup;
			children = (
				6DC2B8BC1DEB40A300EF5C16 /* Base */,
			);
			name = LaunchScreen.storyboard;
			sourceTree = "<group>";
		};
/* End PBXVariantGroup section */

/* Begin XCBuildConfiguration section */
		6DC2B8BF1DEB40A300EF5C16 /* Debug */ = {
			isa = XCBuildConfiguration;
			buildSettings = {
				ALWAYS_SEARCH_USER_PATHS = NO;
				CLANG_CXX_LANGUAGE_STANDARD = "gnu++0x";
				CLANG_CXX_LIBRARY = "libc++";
				CLANG_ENABLE_MODULES = YES;
				CLANG_ENABLE_OBJC_ARC = YES;
				CLANG_WARN_BOOL_CONVERSION = YES;
				CLANG_WARN_CONSTANT_CONVERSION = YES;
				CLANG_WARN_DIRECT_OBJC_ISA_USAGE = YES_ERROR;
				CLANG_WARN_EMPTY_BODY = YES;
				CLANG_WARN_ENUM_CONVERSION = YES;
				CLANG_WARN_INT_CONVERSION = YES;
				CLANG_WARN_OBJC_ROOT_CLASS = YES_ERROR;
				CLANG_WARN_UNREACHABLE_CODE = YES;
				CLANG_WARN__DUPLICATE_METHOD_MATCH = YES;
				"CODE_SIGN_IDENTITY[sdk=iphoneos*]" = "iPhone Developer";
				COPY_PHASE_STRIP = NO;
				DEBUG_INFORMATION_FORMAT = dwarf;
				ENABLE_STRICT_OBJC_MSGSEND = YES;
				ENABLE_TESTABILITY = YES;
				GCC_C_LANGUAGE_STANDARD = gnu99;
				GCC_DYNAMIC_NO_PIC = NO;
				GCC_NO_COMMON_BLOCKS = YES;
				GCC_OPTIMIZATION_LEVEL = 0;
				GCC_PREPROCESSOR_DEFINITIONS = (
					"DEBUG=1",
					"$(inherited)",
				);
				GCC_WARN_64_TO_32_BIT_CONVERSION = YES;
				GCC_WARN_ABOUT_RETURN_TYPE = YES_ERROR;
				GCC_WARN_UNDECLARED_SELECTOR = YES;
				GCC_WARN_UNINITIALIZED_AUTOS = YES_AGGRESSIVE;
				GCC_WARN_UNUSED_FUNCTION = YES;
				GCC_WARN_UNUSED_VARIABLE = YES;
				IPHONEOS_DEPLOYMENT_TARGET = 9.2;
				MTL_ENABLE_DEBUG_INFO = YES;
				ONLY_ACTIVE_ARCH = YES;
				SDKROOT = iphoneos;
				SWIFT_OPTIMIZATION_LEVEL = "-Onone";
			};
			name = Debug;
		};
		6DC2B8C01DEB40A300EF5C16 /* Release */ = {
			isa = XCBuildConfiguration;
			buildSettings = {
				ALWAYS_SEARCH_USER_PATHS = NO;
				CLANG_CXX_LANGUAGE_STANDARD = "gnu++0x";
				CLANG_CXX_LIBRARY = "libc++";
				CLANG_ENABLE_MODULES = YES;
				CLANG_ENABLE_OBJC_ARC = YES;
				CLANG_WARN_BOOL_CONVERSION = YES;
				CLANG_WARN_CONSTANT_CONVERSION = YES;
				CLANG_WARN_DIRECT_OBJC_ISA_USAGE = YES_ERROR;
				CLANG_WARN_EMPTY_BODY = YES;
				CLANG_WARN_ENUM_CONVERSION = YES;
				CLANG_WARN_INT_CONVERSION = YES;
				CLANG_WARN_OBJC_ROOT_CLASS = YES_ERROR;
				CLANG_WARN_UNREACHABLE_CODE = YES;
				CLANG_WARN__DUPLICATE_METHOD_MATCH = YES;
				"CODE_SIGN_IDENTITY[sdk=iphoneos*]" = "iPhone Developer";
				COPY_PHASE_STRIP = NO;
				DEBUG_INFORMATION_FORMAT = "dwarf-with-dsym";
				ENABLE_NS_ASSERTIONS = NO;
				ENABLE_STRICT_OBJC_MSGSEND = YES;
				GCC_C_LANGUAGE_STANDARD = gnu99;
				GCC_NO_COMMON_BLOCKS = YES;
				GCC_WARN_64_TO_32_BIT_CONVERSION = YES;
				GCC_WARN_ABOUT_RETURN_TYPE = YES_ERROR;
				GCC_WARN_UNDECLARED_SELECTOR = YES;
				GCC_WARN_UNINITIALIZED_AUTOS = YES_AGGRESSIVE;
				GCC_WARN_UNUSED_FUNCTION = YES;
				GCC_WARN_UNUSED_VARIABLE = YES;
				IPHONEOS_DEPLOYMENT_TARGET = 9.2;
				MTL_ENABLE_DEBUG_INFO = NO;
				SDKROOT = iphoneos;
				VALIDATE_PRODUCT = YES;
			};
			name = Release;
		};
		6DC2B8C21DEB40A300EF5C16 /* Debug */ = {
			isa = XCBuildConfiguration;
			buildSettings = {
				ASSETCATALOG_COMPILER_APPICON_NAME = AppIcon;
				CLANG_ENABLE_MODULES = YES;
				INFOPLIST_FILE = MyDiary/Info.plist;
				LD_RUNPATH_SEARCH_PATHS = "$(inherited) @executable_path/Frameworks";
				PRODUCT_BUNDLE_IDENTIFIER = com.kiki.MyDiary;
				PRODUCT_NAME = "$(TARGET_NAME)";
				SWIFT_OBJC_BRIDGING_HEADER = "MyDiary/MyDiary-Bridging-Header.h";
				SWIFT_OPTIMIZATION_LEVEL = "-Onone";
			};
			name = Debug;
		};
		6DC2B8C31DEB40A300EF5C16 /* Release */ = {
			isa = XCBuildConfiguration;
			buildSettings = {
				ASSETCATALOG_COMPILER_APPICON_NAME = AppIcon;
				CLANG_ENABLE_MODULES = YES;
				INFOPLIST_FILE = MyDiary/Info.plist;
				LD_RUNPATH_SEARCH_PATHS = "$(inherited) @executable_path/Frameworks";
				PRODUCT_BUNDLE_IDENTIFIER = com.kiki.MyDiary;
				PRODUCT_NAME = "$(TARGET_NAME)";
				SWIFT_OBJC_BRIDGING_HEADER = "MyDiary/MyDiary-Bridging-Header.h";
			};
			name = Release;
		};
/* End XCBuildConfiguration section */

/* Begin XCConfigurationList section */
		6DC2B8AA1DEB40A300EF5C16 /* Build configuration list for PBXProject "MyDiary" */ = {
			isa = XCConfigurationList;
			buildConfigurations = (
				6DC2B8BF1DEB40A300EF5C16 /* Debug */,
				6DC2B8C01DEB40A300EF5C16 /* Release */,
			);
			defaultConfigurationIsVisible = 0;
			defaultConfigurationName = Release;
		};
		6DC2B8C11DEB40A300EF5C16 /* Build configuration list for PBXNativeTarget "MyDiary" */ = {
			isa = XCConfigurationList;
			buildConfigurations = (
				6DC2B8C21DEB40A300EF5C16 /* Debug */,
				6DC2B8C31DEB40A300EF5C16 /* Release */,
			);
			defaultConfigurationIsVisible = 0;
			defaultConfigurationName = Release;
		};
/* End XCConfigurationList section */
	};
	rootObject = 6DC2B8A71DEB40A300EF5C16 /* Project object */;
}
